{
  "requires": true,
  "lockfileVersion": 1,
  "dependencies": {
    "@emotion/is-prop-valid": {
      "version": "1.2.1",
      "resolved": "https://registry.npmjs.org/@emotion/is-prop-valid/-/is-prop-valid-1.2.1.tgz",
      "integrity": "sha512-61Mf7Ufx4aDxx1xlDeOm8aFFigGHE4z+0sKCa+IHCeZKiyP9RLD0Mmx7m8b9/Cf37f7NAvQOOJAbQQGVr5uERw==",
      "requires": {
        "@emotion/memoize": "^0.8.1"
      }
    },
    "@emotion/memoize": {
      "version": "0.8.1",
      "resolved": "https://registry.npmjs.org/@emotion/memoize/-/memoize-0.8.1.tgz",
      "integrity": "sha512-W2P2c/VRW1/1tLox0mVUalvnWXxavmv/Oum2aPsRcoDJuob75FC3Y8FbpfLwUegRcxINtGUMPq0tFCvYNTBXNA=="
    },
    "@emotion/unitless": {
      "version": "0.8.1",
      "resolved": "https://registry.npmjs.org/@emotion/unitless/-/unitless-0.8.1.tgz",
      "integrity": "sha512-KOEGMu6dmJZtpadb476IsZBclKvILjopjUii3V+7MnXIQCYh8W3NgNcgwo21n9LXZX6EDIKvqfjYxXebDwxKmQ=="
    },
    "@types/stylis": {
      "version": "4.2.3",
      "resolved": "https://registry.npmjs.org/@types/stylis/-/stylis-4.2.3.tgz",
      "integrity": "sha512-86XLCVEmWagiUEbr2AjSbeY4qHN9jMm3pgM3PuBYfLIbT0MpDSnA3GA/4W7KoH/C/eeK77kNaeIxZzjhKYIBgw=="
    },
    "camelize": {
      "version": "1.0.1",
      "resolved": "https://registry.npmjs.org/camelize/-/camelize-1.0.1.tgz",
      "integrity": "sha512-dU+Tx2fsypxTgtLoE36npi3UqcjSSMNYfkqgmoEhtZrraP5VWq0K7FkWVTYa8eMPtnU/G2txVsfdCJTn9uzpuQ=="
    },
    "css-color-keywords": {
      "version": "1.0.0",
      "resolved": "https://registry.npmjs.org/css-color-keywords/-/css-color-keywords-1.0.0.tgz",
      "integrity": "sha512-FyyrDHZKEjXDpNJYvVsV960FiqQyXc/LlYmsxl2BcdMb2WPx0OGRVgTg55rPSyLSNMqP52R9r8geSp7apN3Ofg=="
    },
    "css-to-react-native": {
      "version": "3.2.0",
      "resolved": "https://registry.npmjs.org/css-to-react-native/-/css-to-react-native-3.2.0.tgz",
      "integrity": "sha512-e8RKaLXMOFii+02mOlqwjbD00KSEKqblnpO9e++1aXS1fPQOpS1YoqdVHBqPjHNoxeF2mimzVqawm2KCbEdtHQ==",
      "requires": {
        "camelize": "^1.0.0",
        "css-color-keywords": "^1.0.0",
        "postcss-value-parser": "^4.0.2"
      }
    },
    "csstype": {
      "version": "3.1.2",
      "resolved": "https://registry.npmjs.org/csstype/-/csstype-3.1.2.tgz",
      "integrity": "sha512-I7K1Uu0MBPzaFKg4nI5Q7Vs2t+3gWWW648spaF+Rg7pI9ds18Ugn+lvg4SHczUdKlHI5LWBXyqfS8+DufyBsgQ=="
    },
    "nanoid": {
      "version": "3.3.7",
      "resolved": "https://registry.npmjs.org/nanoid/-/nanoid-3.3.7.tgz",
      "integrity": "sha512-eSRppjcPIatRIMC1U6UngP8XFcz8MQWGQdt1MTBQ7NaAmvXDfvNxbvWV3x2y6CdEUciCSsDHDQZbhYaB8QEo2g=="
    },
    "picocolors": {
      "version": "1.0.0",
      "resolved": "https://registry.npmjs.org/picocolors/-/picocolors-1.0.0.tgz",
      "integrity": "sha512-1fygroTLlHu66zi26VoTDv8yRgm0Fccecssto+MhsZ0D/DGW2sm8E8AjW7NU5VVTRt5GxbeZ5qBuJr+HyLYkjQ=="
    },
    "postcss": {
      "version": "8.4.31",
      "resolved": "https://registry.npmjs.org/postcss/-/postcss-8.4.31.tgz",
      "integrity": "sha512-PS08Iboia9mts/2ygV3eLpY5ghnUcfLV/EXTOW1E2qYxJKGGBUtNjN76FYHnMs36RmARn41bC0AZmn+rR0OVpQ==",
      "requires": {
        "nanoid": "^3.3.6",
        "picocolors": "^1.0.0",
        "source-map-js": "^1.0.2"
      }
    },
    "postcss-value-parser": {
      "version": "4.2.0",
      "resolved": "https://registry.npmjs.org/postcss-value-parser/-/postcss-value-parser-4.2.0.tgz",
      "integrity": "sha512-1NNCs6uurfkVbeXG4S8JFT9t19m45ICnif8zWLd5oPSZ50QnwMfK+H3jv408d4jw/7Bttv5axS5IiHoLaVNHeQ=="
    },
    "shallowequal": {
      "version": "1.1.0",
      "resolved": "https://registry.npmjs.org/shallowequal/-/shallowequal-1.1.0.tgz",
      "integrity": "sha512-y0m1JoUZSlPAjXVtPPW70aZWfIL/dSP7AFkRnniLCrK/8MDKog3TySTBmckD+RObVxH0v4Tox67+F14PdED2oQ=="
    },
    "source-map-js": {
      "version": "1.0.2",
      "resolved": "https://registry.npmjs.org/source-map-js/-/source-map-js-1.0.2.tgz",
      "integrity": "sha512-R0XvVJ9WusLiqTCEiGCmICCMplcCkIwwR11mOSD9CR5u+IXYdiseeEuXCVAjS54zqwkLcPNnmU4OeJ6tUrWhDw=="
    },
    "styled-components": {
      "version": "6.1.1",
      "resolved": "https://registry.npmjs.org/styled-components/-/styled-components-6.1.1.tgz",
      "integrity": "sha512-cpZZP5RrKRIClBW5Eby4JM1wElLVP4NQrJbJ0h10TidTyJf4SIIwa3zLXOoPb4gJi8MsJ8mjq5mu2IrEhZIAcQ==",
      "requires": {
        "@emotion/is-prop-valid": "^1.2.1",
        "@emotion/unitless": "^0.8.0",
        "@types/stylis": "^4.0.2",
        "css-to-react-native": "^3.2.0",
        "csstype": "^3.1.2",
        "postcss": "^8.4.31",
        "shallowequal": "^1.1.0",
        "stylis": "^4.3.0",
        "tslib": "^2.5.0"
      }
    },
    "stylis": {
      "version": "4.3.0",
      "resolved": "https://registry.npmjs.org/stylis/-/stylis-4.3.0.tgz",
      "integrity": "sha512-E87pIogpwUsUwXw7dNyU4QDjdgVMy52m+XEOPEKUn161cCzWjjhPSQhByfd1CcNvrOLnXQ6OnnZDwnJrz/Z4YQ=="
    },
    "tslib": {
      "version": "2.6.2",
      "resolved": "https://registry.npmjs.org/tslib/-/tslib-2.6.2.tgz",
      "integrity": "sha512-AEYxH93jGFPn/a2iVAwW87VuUIkR1FVUKB77NwMF7nBTDkDrrT/Hpt/IrCJ0QXhW27jTBDcf5ZY7w6RiqTMw2Q=="
    }
  }
}
